
Microsoft Visual Studio Solution File, Format Version 12.00
# Visual Studio Version 17
VisualStudioVersion = 17.10.35013.160
MinimumVisualStudioVersion = 10.0.40219.1
Project("{FAE04EC0-301F-11D3-BF4B-00C04F79EFBC}") = "NguenAiDan_project1", "NguenAiDan_project1\NguenAiDan_project1.csproj", "{F30361BE-C136-4257-860B-D5E6F4F12129}"
EndProject
Global
	GlobalSection(SolutionConfigurationPlatforms) = preSolution
		Debug|Any CPU = Debug|Any CPU
		Release|Any CPU = Release|Any CPU
	EndGlobalSection
	GlobalSection(ProjectConfigurationPlatforms) = postSolution
		{F30361BE-C136-4257-860B-D5E6F4F12129}.Debug|Any CPU.ActiveCfg = Debug|Any CPU
		{F30361BE-C136-4257-860B-D5E6F4F12129}.Debug|Any CPU.Build.0 = Debug|Any CPU
		{F30361BE-C136-4257-860B-D5E6F4F12129}.Release|Any CPU.ActiveCfg = Release|Any CPU
		{F30361BE-C136-4257-860B-D5E6F4F12129}.Release|Any CPU.Build.0 = Release|Any CPU
	EndGlobalSection
	GlobalSection(SolutionProperties) = preSolution
		HideSolutionNode = FALSE
	EndGlobalSection
	GlobalSection(ExtensibilityGlobals) = postSolution
		SolutionGuid = {8A76B17B-FAFA-46A8-83FF-2AB1A13395E3}
	EndGlobalSection
EndGlobal
